
Microsoft Visual Studio Solution File, Format Version 9.00
# Visual Studio 2005
Project("{8BC9CEB8-8B4A-11D0-8D11-00A0C91BC942}") = "BurnTimeMFD", "BurnTimeCalcMFD\BurnTimeCalcMFD.vcproj", "{618053AC-D57F-446E-89DC-9F1367C198CC}"
	ProjectSection(ProjectDependencies) = postProject
		{E3A18A39-A133-407E-8FBD-1D96FCFC1D5C} = {E3A18A39-A133-407E-8FBD-1D96FCFC1D5C}
	EndProjectSection
EndProject
Project("{8BC9CEB8-8B4A-11D0-8D11-00A0C91BC942}") = "HUDDrawer", "HUDDrawer\Module\HUDDrawerModule.vcproj", "{7FF7676F-1244-480D-8F91-C4950CA6AF6F}"
	ProjectSection(ProjectDependencies) = postProject
		{E3A18A39-A133-407E-8FBD-7D96FCFC1D5C} = {E3A18A39-A133-407E-8FBD-7D96FCFC1D5C}
	EndProjectSection
EndProject
Project("{8BC9CEB8-8B4A-11D0-8D11-00A0C91BC942}") = "VesselHooking", "HUDDrawer\VesselHooking\VesselHooking.vcproj", "{E3A18A39-A133-407E-8FBD-7D96FCFC1D5C}"
EndProject
Project("{8BC9CEB8-8B4A-11D0-8D11-00A0C91BC942}") = "LaunchMFD", "launchmfd\LaunchMFD.vcproj", "{AA57F7A4-411D-417D-8200-FE19E0319935}"
	ProjectSection(ProjectDependencies) = postProject
		{E3A18A39-A133-407E-8FBD-7D96FCFC1D5C} = {E3A18A39-A133-407E-8FBD-7D96FCFC1D5C}
		{E3A18A39-A133-407E-8FBD-1D96FCFC1D5C} = {E3A18A39-A133-407E-8FBD-1D96FCFC1D5C}
	EndProjectSection
EndProject
Project("{8BC9CEB8-8B4A-11D0-8D11-00A0C91BC942}") = "ModuleMessaging", "ModuleMessaging\ModuleMessaging.vcproj", "{E3A18A39-A133-407E-8FBD-1D96FCFC1D5C}"
EndProject
Project("{8BC9CEB8-8B4A-11D0-8D11-00A0C91BC942}") = "TransX", "TransX\TransX.vcproj", "{88D7AF80-6640-432C-871E-4847C6F52B2A}"
	ProjectSection(ProjectDependencies) = postProject
		{E3A18A39-A133-407E-8FBD-1D96FCFC1D5C} = {E3A18A39-A133-407E-8FBD-1D96FCFC1D5C}
	EndProjectSection
EndProject
Project("{8BC9CEB8-8B4A-11D0-8D11-00A0C91BC942}") = "CamShake", "CamShake\CamShake.vcproj", "{AB66536B-98DF-4FE2-9F43-D303F4E5D0B7}"
EndProject
Project("{8BC9CEB8-8B4A-11D0-8D11-00A0C91BC942}") = "TopoMapMFD", "TopoMapMFD\TopoMapMFD.vcproj", "{AA57F7A4-411D-417D-8200-FE1230319935}"
EndProject
Global
	GlobalSection(SolutionConfigurationPlatforms) = preSolution
		Debug|Win32 = Debug|Win32
		Debug-BETA|Win32 = Debug-BETA|Win32
		Debug-Red|Win32 = Debug-Red|Win32
		Release|Win32 = Release|Win32
		Release2006|Win32 = Release2006|Win32
		Release2009_PL|Win32 = Release2009_PL|Win32
		Release2009|Win32 = Release2009|Win32
		Release2009Red|Win32 = Release2009Red|Win32
		ReleaseBETA|Win32 = ReleaseBETA|Win32
	EndGlobalSection
	GlobalSection(ProjectConfigurationPlatforms) = postSolution
		{618053AC-D57F-446E-89DC-9F1367C198CC}.Debug|Win32.ActiveCfg = Debug|Win32
		{618053AC-D57F-446E-89DC-9F1367C198CC}.Debug|Win32.Build.0 = Debug|Win32
		{618053AC-D57F-446E-89DC-9F1367C198CC}.Debug-BETA|Win32.ActiveCfg = Debug-BETA|Win32
		{618053AC-D57F-446E-89DC-9F1367C198CC}.Debug-BETA|Win32.Build.0 = Debug-BETA|Win32
		{618053AC-D57F-446E-89DC-9F1367C198CC}.Debug-Red|Win32.ActiveCfg = Debug|Win32
		{618053AC-D57F-446E-89DC-9F1367C198CC}.Debug-Red|Win32.Build.0 = Debug|Win32
		{618053AC-D57F-446E-89DC-9F1367C198CC}.Release|Win32.ActiveCfg = ReleaseBETA|Win32
		{618053AC-D57F-446E-89DC-9F1367C198CC}.Release|Win32.Build.0 = ReleaseBETA|Win32
		{618053AC-D57F-446E-89DC-9F1367C198CC}.Release2006|Win32.ActiveCfg = Release2009|Win32
		{618053AC-D57F-446E-89DC-9F1367C198CC}.Release2006|Win32.Build.0 = Release2009|Win32
		{618053AC-D57F-446E-89DC-9F1367C198CC}.Release2009_PL|Win32.ActiveCfg = Release2009|Win32
		{618053AC-D57F-446E-89DC-9F1367C198CC}.Release2009_PL|Win32.Build.0 = Release2009|Win32
		{618053AC-D57F-446E-89DC-9F1367C198CC}.Release2009|Win32.ActiveCfg = Release2009|Win32
		{618053AC-D57F-446E-89DC-9F1367C198CC}.Release2009|Win32.Build.0 = Release2009|Win32
		{618053AC-D57F-446E-89DC-9F1367C198CC}.Release2009Red|Win32.ActiveCfg = Release2009|Win32
		{618053AC-D57F-446E-89DC-9F1367C198CC}.Release2009Red|Win32.Build.0 = Release2009|Win32
		{618053AC-D57F-446E-89DC-9F1367C198CC}.ReleaseBETA|Win32.ActiveCfg = ReleaseBETA|Win32
		{618053AC-D57F-446E-89DC-9F1367C198CC}.ReleaseBETA|Win32.Build.0 = ReleaseBETA|Win32
		{7FF7676F-1244-480D-8F91-C4950CA6AF6F}.Debug|Win32.ActiveCfg = Debug|Win32
		{7FF7676F-1244-480D-8F91-C4950CA6AF6F}.Debug|Win32.Build.0 = Debug|Win32
		{7FF7676F-1244-480D-8F91-C4950CA6AF6F}.Debug-BETA|Win32.ActiveCfg = Debug-BETA|Win32
		{7FF7676F-1244-480D-8F91-C4950CA6AF6F}.Debug-BETA|Win32.Build.0 = Debug-BETA|Win32
		{7FF7676F-1244-480D-8F91-C4950CA6AF6F}.Debug-Red|Win32.ActiveCfg = Debug|Win32
		{7FF7676F-1244-480D-8F91-C4950CA6AF6F}.Debug-Red|Win32.Build.0 = Debug|Win32
		{7FF7676F-1244-480D-8F91-C4950CA6AF6F}.Release|Win32.ActiveCfg = Release2009_PL|Win32
		{7FF7676F-1244-480D-8F91-C4950CA6AF6F}.Release|Win32.Build.0 = Release2009_PL|Win32
		{7FF7676F-1244-480D-8F91-C4950CA6AF6F}.Release2006|Win32.ActiveCfg = Release2006|Win32
		{7FF7676F-1244-480D-8F91-C4950CA6AF6F}.Release2006|Win32.Build.0 = Release2006|Win32
		{7FF7676F-1244-480D-8F91-C4950CA6AF6F}.Release2009_PL|Win32.ActiveCfg = Release2009_PL|Win32
		{7FF7676F-1244-480D-8F91-C4950CA6AF6F}.Release2009_PL|Win32.Build.0 = Release2009_PL|Win32
		{7FF7676F-1244-480D-8F91-C4950CA6AF6F}.Release2009|Win32.ActiveCfg = Release2009|Win32
		{7FF7676F-1244-480D-8F91-C4950CA6AF6F}.Release2009|Win32.Build.0 = Release2009|Win32
		{7FF7676F-1244-480D-8F91-C4950CA6AF6F}.Release2009Red|Win32.ActiveCfg = Release2009_PL|Win32
		{7FF7676F-1244-480D-8F91-C4950CA6AF6F}.Release2009Red|Win32.Build.0 = Release2009_PL|Win32
		{7FF7676F-1244-480D-8F91-C4950CA6AF6F}.ReleaseBETA|Win32.ActiveCfg = ReleaseBETA|Win32
		{7FF7676F-1244-480D-8F91-C4950CA6AF6F}.ReleaseBETA|Win32.Build.0 = ReleaseBETA|Win32
		{E3A18A39-A133-407E-8FBD-7D96FCFC1D5C}.Debug|Win32.ActiveCfg = Debug|Win32
		{E3A18A39-A133-407E-8FBD-7D96FCFC1D5C}.Debug|Win32.Build.0 = Debug|Win32
		{E3A18A39-A133-407E-8FBD-7D96FCFC1D5C}.Debug-BETA|Win32.ActiveCfg = Debug-BETA|Win32
		{E3A18A39-A133-407E-8FBD-7D96FCFC1D5C}.Debug-BETA|Win32.Build.0 = Debug-BETA|Win32
		{E3A18A39-A133-407E-8FBD-7D96FCFC1D5C}.Debug-Red|Win32.ActiveCfg = Debug|Win32
		{E3A18A39-A133-407E-8FBD-7D96FCFC1D5C}.Debug-Red|Win32.Build.0 = Debug|Win32
		{E3A18A39-A133-407E-8FBD-7D96FCFC1D5C}.Release|Win32.ActiveCfg = Release2009_PL|Win32
		{E3A18A39-A133-407E-8FBD-7D96FCFC1D5C}.Release|Win32.Build.0 = Release2009_PL|Win32
		{E3A18A39-A133-407E-8FBD-7D96FCFC1D5C}.Release2006|Win32.ActiveCfg = Release2006|Win32
		{E3A18A39-A133-407E-8FBD-7D96FCFC1D5C}.Release2006|Win32.Build.0 = Release2006|Win32
		{E3A18A39-A133-407E-8FBD-7D96FCFC1D5C}.Release2009_PL|Win32.ActiveCfg = Release2009_PL|Win32
		{E3A18A39-A133-407E-8FBD-7D96FCFC1D5C}.Release2009_PL|Win32.Build.0 = Release2009_PL|Win32
		{E3A18A39-A133-407E-8FBD-7D96FCFC1D5C}.Release2009|Win32.ActiveCfg = Release2009|Win32
		{E3A18A39-A133-407E-8FBD-7D96FCFC1D5C}.Release2009|Win32.Build.0 = Release2009|Win32
		{E3A18A39-A133-407E-8FBD-7D96FCFC1D5C}.Release2009Red|Win32.ActiveCfg = Release2009_PL|Win32
		{E3A18A39-A133-407E-8FBD-7D96FCFC1D5C}.Release2009Red|Win32.Build.0 = Release2009_PL|Win32
		{E3A18A39-A133-407E-8FBD-7D96FCFC1D5C}.ReleaseBETA|Win32.ActiveCfg = ReleaseBETA|Win32
		{E3A18A39-A133-407E-8FBD-7D96FCFC1D5C}.ReleaseBETA|Win32.Build.0 = ReleaseBETA|Win32
		{AA57F7A4-411D-417D-8200-FE19E0319935}.Debug|Win32.ActiveCfg = Debug|Win32
		{AA57F7A4-411D-417D-8200-FE19E0319935}.Debug|Win32.Build.0 = Debug|Win32
		{AA57F7A4-411D-417D-8200-FE19E0319935}.Debug-BETA|Win32.ActiveCfg = Debug-BETA|Win32
		{AA57F7A4-411D-417D-8200-FE19E0319935}.Debug-BETA|Win32.Build.0 = Debug-BETA|Win32
		{AA57F7A4-411D-417D-8200-FE19E0319935}.Debug-Red|Win32.ActiveCfg = Debug|Win32
		{AA57F7A4-411D-417D-8200-FE19E0319935}.Debug-Red|Win32.Build.0 = Debug|Win32
		{AA57F7A4-411D-417D-8200-FE19E0319935}.Release|Win32.ActiveCfg = Release2009_PL|Win32
		{AA57F7A4-411D-417D-8200-FE19E0319935}.Release|Win32.Build.0 = Release2009_PL|Win32
		{AA57F7A4-411D-417D-8200-FE19E0319935}.Release2006|Win32.ActiveCfg = Release2006|Win32
		{AA57F7A4-411D-417D-8200-FE19E0319935}.Release2006|Win32.Build.0 = Release2006|Win32
		{AA57F7A4-411D-417D-8200-FE19E0319935}.Release2009_PL|Win32.ActiveCfg = Release2009_PL|Win32
		{AA57F7A4-411D-417D-8200-FE19E0319935}.Release2009_PL|Win32.Build.0 = Release2009_PL|Win32
		{AA57F7A4-411D-417D-8200-FE19E0319935}.Release2009|Win32.ActiveCfg = Release2009|Win32
		{AA57F7A4-411D-417D-8200-FE19E0319935}.Release2009|Win32.Build.0 = Release2009|Win32
		{AA57F7A4-411D-417D-8200-FE19E0319935}.Release2009Red|Win32.ActiveCfg = Release2009_PL|Win32
		{AA57F7A4-411D-417D-8200-FE19E0319935}.Release2009Red|Win32.Build.0 = Release2009_PL|Win32
		{AA57F7A4-411D-417D-8200-FE19E0319935}.ReleaseBETA|Win32.ActiveCfg = ReleaseBETA|Win32
		{AA57F7A4-411D-417D-8200-FE19E0319935}.ReleaseBETA|Win32.Build.0 = ReleaseBETA|Win32
		{E3A18A39-A133-407E-8FBD-1D96FCFC1D5C}.Debug|Win32.ActiveCfg = Debug|Win32
		{E3A18A39-A133-407E-8FBD-1D96FCFC1D5C}.Debug|Win32.Build.0 = Debug|Win32
		{E3A18A39-A133-407E-8FBD-1D96FCFC1D5C}.Debug-BETA|Win32.ActiveCfg = Debug-BETA|Win32
		{E3A18A39-A133-407E-8FBD-1D96FCFC1D5C}.Debug-BETA|Win32.Build.0 = Debug-BETA|Win32
		{E3A18A39-A133-407E-8FBD-1D96FCFC1D5C}.Debug-Red|Win32.ActiveCfg = Debug|Win32
		{E3A18A39-A133-407E-8FBD-1D96FCFC1D5C}.Debug-Red|Win32.Build.0 = Debug|Win32
		{E3A18A39-A133-407E-8FBD-1D96FCFC1D5C}.Release|Win32.ActiveCfg = ReleaseBETA|Win32
		{E3A18A39-A133-407E-8FBD-1D96FCFC1D5C}.Release|Win32.Build.0 = ReleaseBETA|Win32
		{E3A18A39-A133-407E-8FBD-1D96FCFC1D5C}.Release2006|Win32.ActiveCfg = Release2009|Win32
		{E3A18A39-A133-407E-8FBD-1D96FCFC1D5C}.Release2006|Win32.Build.0 = Release2009|Win32
		{E3A18A39-A133-407E-8FBD-1D96FCFC1D5C}.Release2009_PL|Win32.ActiveCfg = Release2009|Win32
		{E3A18A39-A133-407E-8FBD-1D96FCFC1D5C}.Release2009_PL|Win32.Build.0 = Release2009|Win32
		{E3A18A39-A133-407E-8FBD-1D96FCFC1D5C}.Release2009|Win32.ActiveCfg = Release2009|Win32
		{E3A18A39-A133-407E-8FBD-1D96FCFC1D5C}.Release2009|Win32.Build.0 = Release2009|Win32
		{E3A18A39-A133-407E-8FBD-1D96FCFC1D5C}.Release2009Red|Win32.ActiveCfg = Release2009|Win32
		{E3A18A39-A133-407E-8FBD-1D96FCFC1D5C}.Release2009Red|Win32.Build.0 = Release2009|Win32
		{E3A18A39-A133-407E-8FBD-1D96FCFC1D5C}.ReleaseBETA|Win32.ActiveCfg = ReleaseBETA|Win32
		{E3A18A39-A133-407E-8FBD-1D96FCFC1D5C}.ReleaseBETA|Win32.Build.0 = ReleaseBETA|Win32
		{88D7AF80-6640-432C-871E-4847C6F52B2A}.Debug|Win32.ActiveCfg = Debug|Win32
		{88D7AF80-6640-432C-871E-4847C6F52B2A}.Debug|Win32.Build.0 = Debug|Win32
		{88D7AF80-6640-432C-871E-4847C6F52B2A}.Debug-BETA|Win32.ActiveCfg = Debug-BETA|Win32
		{88D7AF80-6640-432C-871E-4847C6F52B2A}.Debug-BETA|Win32.Build.0 = Debug-BETA|Win32
		{88D7AF80-6640-432C-871E-4847C6F52B2A}.Debug-Red|Win32.ActiveCfg = Debug-Red|Win32
		{88D7AF80-6640-432C-871E-4847C6F52B2A}.Debug-Red|Win32.Build.0 = Debug-Red|Win32
		{88D7AF80-6640-432C-871E-4847C6F52B2A}.Release|Win32.ActiveCfg = ReleaseBETA-Red|Win32
		{88D7AF80-6640-432C-871E-4847C6F52B2A}.Release|Win32.Build.0 = ReleaseBETA-Red|Win32
		{88D7AF80-6640-432C-871E-4847C6F52B2A}.Release2006|Win32.ActiveCfg = Release2009Red|Win32
		{88D7AF80-6640-432C-871E-4847C6F52B2A}.Release2006|Win32.Build.0 = Release2009Red|Win32
		{88D7AF80-6640-432C-871E-4847C6F52B2A}.Release2009_PL|Win32.ActiveCfg = Release2009Red|Win32
		{88D7AF80-6640-432C-871E-4847C6F52B2A}.Release2009_PL|Win32.Build.0 = Release2009Red|Win32
		{88D7AF80-6640-432C-871E-4847C6F52B2A}.Release2009|Win32.ActiveCfg = Release2009|Win32
		{88D7AF80-6640-432C-871E-4847C6F52B2A}.Release2009|Win32.Build.0 = Release2009|Win32
		{88D7AF80-6640-432C-871E-4847C6F52B2A}.Release2009Red|Win32.ActiveCfg = Release2009Red|Win32
		{88D7AF80-6640-432C-871E-4847C6F52B2A}.Release2009Red|Win32.Build.0 = Release2009Red|Win32
		{88D7AF80-6640-432C-871E-4847C6F52B2A}.ReleaseBETA|Win32.ActiveCfg = ReleaseBETA|Win32
		{88D7AF80-6640-432C-871E-4847C6F52B2A}.ReleaseBETA|Win32.Build.0 = ReleaseBETA|Win32
		{AB66536B-98DF-4FE2-9F43-D303F4E5D0B7}.Debug|Win32.ActiveCfg = Debug|Win32
		{AB66536B-98DF-4FE2-9F43-D303F4E5D0B7}.Debug|Win32.Build.0 = Debug|Win32
		{AB66536B-98DF-4FE2-9F43-D303F4E5D0B7}.Debug-BETA|Win32.ActiveCfg = Debug-BETA|Win32
		{AB66536B-98DF-4FE2-9F43-D303F4E5D0B7}.Debug-BETA|Win32.Build.0 = Debug-BETA|Win32
		{AB66536B-98DF-4FE2-9F43-D303F4E5D0B7}.Debug-Red|Win32.ActiveCfg = Debug-BETA|Win32
		{AB66536B-98DF-4FE2-9F43-D303F4E5D0B7}.Debug-Red|Win32.Build.0 = Debug-BETA|Win32
		{AB66536B-98DF-4FE2-9F43-D303F4E5D0B7}.Release|Win32.ActiveCfg = ReleaseBETA|Win32
		{AB66536B-98DF-4FE2-9F43-D303F4E5D0B7}.Release|Win32.Build.0 = ReleaseBETA|Win32
		{AB66536B-98DF-4FE2-9F43-D303F4E5D0B7}.Release2006|Win32.ActiveCfg = Release2009|Win32
		{AB66536B-98DF-4FE2-9F43-D303F4E5D0B7}.Release2006|Win32.Build.0 = Release2009|Win32
		{AB66536B-98DF-4FE2-9F43-D303F4E5D0B7}.Release2009_PL|Win32.ActiveCfg = Release2009|Win32
		{AB66536B-98DF-4FE2-9F43-D303F4E5D0B7}.Release2009_PL|Win32.Build.0 = Release2009|Win32
		{AB66536B-98DF-4FE2-9F43-D303F4E5D0B7}.Release2009|Win32.ActiveCfg = Release2009|Win32
		{AB66536B-98DF-4FE2-9F43-D303F4E5D0B7}.Release2009|Win32.Build.0 = Release2009|Win32
		{AB66536B-98DF-4FE2-9F43-D303F4E5D0B7}.Release2009Red|Win32.ActiveCfg = Release2009|Win32
		{AB66536B-98DF-4FE2-9F43-D303F4E5D0B7}.Release2009Red|Win32.Build.0 = Release2009|Win32
		{AB66536B-98DF-4FE2-9F43-D303F4E5D0B7}.ReleaseBETA|Win32.ActiveCfg = ReleaseBETA|Win32
		{AB66536B-98DF-4FE2-9F43-D303F4E5D0B7}.ReleaseBETA|Win32.Build.0 = ReleaseBETA|Win32
		{AA57F7A4-411D-417D-8200-FE1230319935}.Debug|Win32.ActiveCfg = Debug|Win32
		{AA57F7A4-411D-417D-8200-FE1230319935}.Debug|Win32.Build.0 = Debug|Win32
		{AA57F7A4-411D-417D-8200-FE1230319935}.Debug-BETA|Win32.ActiveCfg = Debug-BETA|Win32
		{AA57F7A4-411D-417D-8200-FE1230319935}.Debug-BETA|Win32.Build.0 = Debug-BETA|Win32
		{AA57F7A4-411D-417D-8200-FE1230319935}.Debug-Red|Win32.ActiveCfg = Debug-BETA|Win32
		{AA57F7A4-411D-417D-8200-FE1230319935}.Debug-Red|Win32.Build.0 = Debug-BETA|Win32
		{AA57F7A4-411D-417D-8200-FE1230319935}.Release|Win32.ActiveCfg = Release2009_PL|Win32
		{AA57F7A4-411D-417D-8200-FE1230319935}.Release|Win32.Build.0 = Release2009_PL|Win32
		{AA57F7A4-411D-417D-8200-FE1230319935}.Release2006|Win32.ActiveCfg = Release2006|Win32
		{AA57F7A4-411D-417D-8200-FE1230319935}.Release2006|Win32.Build.0 = Release2006|Win32
		{AA57F7A4-411D-417D-8200-FE1230319935}.Release2009_PL|Win32.ActiveCfg = Release2009_PL|Win32
		{AA57F7A4-411D-417D-8200-FE1230319935}.Release2009_PL|Win32.Build.0 = Release2009_PL|Win32
		{AA57F7A4-411D-417D-8200-FE1230319935}.Release2009|Win32.ActiveCfg = Release2009|Win32
		{AA57F7A4-411D-417D-8200-FE1230319935}.Release2009|Win32.Build.0 = Release2009|Win32
		{AA57F7A4-411D-417D-8200-FE1230319935}.Release2009Red|Win32.ActiveCfg = Release2009_PL|Win32
		{AA57F7A4-411D-417D-8200-FE1230319935}.Release2009Red|Win32.Build.0 = Release2009_PL|Win32
		{AA57F7A4-411D-417D-8200-FE1230319935}.ReleaseBETA|Win32.ActiveCfg = ReleaseBETA|Win32
		{AA57F7A4-411D-417D-8200-FE1230319935}.ReleaseBETA|Win32.Build.0 = ReleaseBETA|Win32
	EndGlobalSection
	GlobalSection(SolutionProperties) = preSolution
		HideSolutionNode = FALSE
	EndGlobalSection
EndGlobal
