<?xml version="1.0" encoding="utf-8"?>
<Project ToolsVersion="4.0" xmlns="http://schemas.microsoft.com/developer/msbuild/2003">
  <ItemGroup>
    <Filter Include="Math">
      <UniqueIdentifier>{d53a9da0-09dd-46e5-bf14-8464d28c0332}</UniqueIdentifier>
    </Filter>
    <Filter Include="Math\Root">
      <UniqueIdentifier>{f7df6fd0-e13c-425b-9631-314dd77f5fc4}</UniqueIdentifier>
    </Filter>
    <Filter Include="Systems">
      <UniqueIdentifier>{a0ee1f08-e23c-491e-852a-80f17bc413df}</UniqueIdentifier>
    </Filter>
    <Filter Include="Autopilot">
      <UniqueIdentifier>{fece1625-ab60-4840-8b3d-6196a4005edc}</UniqueIdentifier>
    </Filter>
    <Filter Include="Sound">
      <UniqueIdentifier>{2e8c5e7a-f8b3-4296-ae3e-3f31a0bb4311}</UniqueIdentifier>
    </Filter>
    <Filter Include="Visual">
      <UniqueIdentifier>{895f3603-1564-4474-921c-71227a1d6916}</UniqueIdentifier>
    </Filter>
    <Filter Include="PID">
      <UniqueIdentifier>{ba8cca2c-909f-4b5f-b75d-a43828fa79f1}</UniqueIdentifier>
    </Filter>
    <Filter Include="Utils">
      <UniqueIdentifier>{4f51b316-d57c-422c-8039-e64ecf0413ba}</UniqueIdentifier>
    </Filter>
    <Filter Include="HUDDrawer">
      <UniqueIdentifier>{1350a634-5925-4af7-b42b-1cfad6a9288e}</UniqueIdentifier>
    </Filter>
    <Filter Include="OffPlaneCorrector">
      <UniqueIdentifier>{abea74f2-a4cc-4b25-bfb4-7dfa095bff99}</UniqueIdentifier>
    </Filter>
    <Filter Include="PEG">
      <UniqueIdentifier>{8791c5ad-f344-41c0-8a6b-f5315ec3ca81}</UniqueIdentifier>
    </Filter>
    <Filter Include="OrbiterLib">
      <UniqueIdentifier>{61ae7aa8-f1ad-4b6d-98b7-ac5020b43962}</UniqueIdentifier>
    </Filter>
    <Filter Include="KOST_Orbiter">
      <UniqueIdentifier>{3dd69956-f034-4e26-9bdb-b77c4ee6cb62}</UniqueIdentifier>
    </Filter>
    <Filter Include="Dialogs">
      <UniqueIdentifier>{309cc8fb-5573-4c8f-a39b-293c7da0b0be}</UniqueIdentifier>
    </Filter>
    <Filter Include="HUD">
      <UniqueIdentifier>{fc0fc1bb-913e-4d82-85f3-38ee724d68cc}</UniqueIdentifier>
    </Filter>
    <Filter Include="libMFD">
      <UniqueIdentifier>{1918dbb9-1dc6-45ca-8919-155681c8ac53}</UniqueIdentifier>
    </Filter>
    <Filter Include="libMFD\MultipleVessels">
      <UniqueIdentifier>{0a5ce584-e600-4e53-a6d8-5b094cb8266d}</UniqueIdentifier>
    </Filter>
    <Filter Include="libMFD\Utils">
      <UniqueIdentifier>{ac927584-eaa7-4a46-b8d9-3463dc0276ac}</UniqueIdentifier>
    </Filter>
  </ItemGroup>
  <ItemGroup>
    <ClCompile Include="..\lib\Math\AzimuthMath.cpp">
      <Filter>Math</Filter>
    </ClCompile>
    <ClCompile Include="..\lib\Math\GeneralMath.cpp">
      <Filter>Math</Filter>
    </ClCompile>
    <ClCompile Include="..\lib\Math\GreatCircleAdvMath.cpp">
      <Filter>Math</Filter>
    </ClCompile>
    <ClCompile Include="..\lib\Math\GreatCircleMath.cpp">
      <Filter>Math</Filter>
    </ClCompile>
    <ClCompile Include="..\lib\Math\MaxMin.cpp">
      <Filter>Math</Filter>
    </ClCompile>
    <ClCompile Include="..\lib\Math\MaxMinPoint.cpp">
      <Filter>Math</Filter>
    </ClCompile>
    <ClCompile Include="..\lib\Math\SimpsonFunctor.cpp">
      <Filter>Math</Filter>
    </ClCompile>
    <ClCompile Include="..\lib\Math\SpaceMath.cpp">
      <Filter>Math</Filter>
    </ClCompile>
    <ClCompile Include="..\lib\Math\SpaceMathBody.cpp">
      <Filter>Math</Filter>
    </ClCompile>
    <ClCompile Include="..\lib\Math\VectorMath.cpp">
      <Filter>Math</Filter>
    </ClCompile>
    <ClCompile Include="..\lib\Math\Root\IRootAlgo.cpp">
      <Filter>Math\Root</Filter>
    </ClCompile>
    <ClCompile Include="..\lib\Math\Root\RootBisection.cpp">
      <Filter>Math\Root</Filter>
    </ClCompile>
    <ClCompile Include="..\lib\Math\Root\RootBrent.cpp">
      <Filter>Math\Root</Filter>
    </ClCompile>
    <ClCompile Include="..\lib\Math\Root\RootFactory.cpp">
      <Filter>Math\Root</Filter>
    </ClCompile>
    <ClCompile Include="..\lib\Math\Root\RootSubject.cpp">
      <Filter>Math\Root</Filter>
    </ClCompile>
    <ClCompile Include="..\lib\Math\Root\RootType.cpp">
      <Filter>Math\Root</Filter>
    </ClCompile>
    <ClCompile Include="..\lib\Systems\Geo.cpp">
      <Filter>Systems</Filter>
    </ClCompile>
    <ClCompile Include="..\lib\Systems\Point.cpp">
      <Filter>Systems</Filter>
    </ClCompile>
    <ClCompile Include="..\lib\Systems\RectangleMy.cpp">
      <Filter>Systems</Filter>
    </ClCompile>
    <ClCompile Include="..\lib\Systems\Spherical.cpp">
      <Filter>Systems</Filter>
    </ClCompile>
    <ClCompile Include="..\lib\Systems\SystemsConverter.cpp">
      <Filter>Systems</Filter>
    </ClCompile>
    <ClCompile Include="..\lib\Systems\ThreeSphericals.cpp">
      <Filter>Systems</Filter>
    </ClCompile>
    <ClCompile Include="..\lib\Systems\Vect3.cpp">
      <Filter>Systems</Filter>
    </ClCompile>
    <ClCompile Include="Autopilot\AutopilotBase.cpp">
      <Filter>Autopilot</Filter>
    </ClCompile>
    <ClCompile Include="Autopilot\AutopilotDirectAscentStd.cpp">
      <Filter>Autopilot</Filter>
    </ClCompile>
    <ClCompile Include="Autopilot\AutopilotDirectAscentSynchro.cpp">
      <Filter>Autopilot</Filter>
    </ClCompile>
    <ClCompile Include="Autopilot\AutopilotManager.cpp">
      <Filter>Autopilot</Filter>
    </ClCompile>
    <ClCompile Include="Autopilot\AutopilotStandard.cpp">
      <Filter>Autopilot</Filter>
    </ClCompile>
    <ClCompile Include="Autopilot\DirectAscentOptiEngineLevel.cpp">
      <Filter>Autopilot</Filter>
    </ClCompile>
    <ClCompile Include="Autopilot\PIDAP.cpp">
      <Filter>Autopilot</Filter>
    </ClCompile>
    <ClCompile Include="Autopilot\PitchPointComparator.cpp">
      <Filter>Autopilot</Filter>
    </ClCompile>
    <ClCompile Include="Autopilot\PitchProgramReader.cpp">
      <Filter>Autopilot</Filter>
    </ClCompile>
    <ClCompile Include="..\libMFD\MFDSound++\Sound.cpp">
      <Filter>Sound</Filter>
    </ClCompile>
    <ClCompile Include="..\libMFD\MFDSound++\SoundMap.cpp">
      <Filter>Sound</Filter>
    </ClCompile>
    <ClCompile Include="Sound\SoundMapLaunchMFD.cpp">
      <Filter>Sound</Filter>
    </ClCompile>
    <ClCompile Include="..\lib\Visual\Canvas.cpp">
      <Filter>Visual</Filter>
    </ClCompile>
    <ClCompile Include="..\lib\Visual\ScalePointFunctor.cpp">
      <Filter>Visual</Filter>
    </ClCompile>
    <ClCompile Include="..\lib\PID\DerivatorDiscrete.cpp">
      <Filter>PID</Filter>
    </ClCompile>
    <ClCompile Include="..\lib\PID\IntegratorDiscrete.cpp">
      <Filter>PID</Filter>
    </ClCompile>
    <ClCompile Include="..\lib\PID\PID.cpp">
      <Filter>PID</Filter>
    </ClCompile>
    <ClCompile Include="..\lib\Util\CharManipulations.cpp">
      <Filter>Utils</Filter>
    </ClCompile>
    <ClCompile Include="..\lib\Util\FileUtils.cpp">
      <Filter>Utils</Filter>
    </ClCompile>
    <ClCompile Include="..\lib\Util\NonCopyable.cpp">
      <Filter>Utils</Filter>
    </ClCompile>
    <ClCompile Include="..\lib\Util\Result.cpp">
      <Filter>Utils</Filter>
    </ClCompile>
    <ClCompile Include="Utils\Targeting.cpp">
      <Filter>Utils</Filter>
    </ClCompile>
    <ClCompile Include="..\lib\Util\ValueWithDescription.cpp">
      <Filter>Utils</Filter>
    </ClCompile>
    <ClCompile Include="OffPlaneCorrector\OffPlaneCorrector.cpp">
      <Filter>OffPlaneCorrector</Filter>
    </ClCompile>
    <ClCompile Include="OffPlaneCorrector\OffPlaneCorrectorDirectAscent.cpp">
      <Filter>OffPlaneCorrector</Filter>
    </ClCompile>
    <ClCompile Include="OffPlaneCorrector\OffPlaneCorrectorStandard.cpp">
      <Filter>OffPlaneCorrector</Filter>
    </ClCompile>
    <ClCompile Include="PEG\PEG.cpp">
      <Filter>PEG</Filter>
    </ClCompile>
    <ClCompile Include="PEG\PEGDirectAscent.cpp">
      <Filter>PEG</Filter>
    </ClCompile>
    <ClCompile Include="PEG\PEGDirectAscentOpti.cpp">
      <Filter>PEG</Filter>
    </ClCompile>
    <ClCompile Include="PEG\PEGDirectAscentStd.cpp">
      <Filter>PEG</Filter>
    </ClCompile>
    <ClCompile Include="PEG\PEGDirectAscentSynchro.cpp">
      <Filter>PEG</Filter>
    </ClCompile>
    <ClCompile Include="PEG\PEGMulti.cpp">
      <Filter>PEG</Filter>
    </ClCompile>
    <ClCompile Include="PEG\PEGNormal.cpp">
      <Filter>PEG</Filter>
    </ClCompile>
    <ClCompile Include="..\lib\Orbiter\AngularAcc.cpp">
      <Filter>OrbiterLib</Filter>
    </ClCompile>
    <ClCompile Include="..\lib\Orbiter\Engine.cpp">
      <Filter>OrbiterLib</Filter>
    </ClCompile>
    <ClCompile Include="..\lib\Orbiter\SpaceMathKOST.cpp">
      <Filter>OrbiterLib</Filter>
    </ClCompile>
    <ClCompile Include="..\lib\Orbiter\SpaceMathOrbiter.cpp">
      <Filter>OrbiterLib</Filter>
    </ClCompile>
    <ClCompile Include="..\lib\Orbiter\SystemsConverterOrbiter.cpp">
      <Filter>OrbiterLib</Filter>
    </ClCompile>
    <ClCompile Include="..\lib\Orbiter\VesselCapabilities.cpp">
      <Filter>OrbiterLib</Filter>
    </ClCompile>
    <ClCompile Include="..\KOST_Orbiter\kost_elements.cpp">
      <Filter>KOST_Orbiter</Filter>
    </ClCompile>
    <ClCompile Include="..\KOST_Orbiter\kost_linalg.cpp">
      <Filter>KOST_Orbiter</Filter>
    </ClCompile>
    <ClCompile Include="..\KOST_Orbiter\kost_math.cpp">
      <Filter>KOST_Orbiter</Filter>
    </ClCompile>
    <ClCompile Include="..\KOST_Orbiter\kost_propagate.cpp">
      <Filter>KOST_Orbiter</Filter>
    </ClCompile>
    <ClCompile Include="..\KOST_Orbiter\kost_shape.cpp">
      <Filter>KOST_Orbiter</Filter>
    </ClCompile>
    <ClCompile Include="Dialogs\DialogAlt.cpp">
      <Filter>Dialogs</Filter>
    </ClCompile>
    <ClCompile Include="Dialogs\DialogDistDA.cpp">
      <Filter>Dialogs</Filter>
    </ClCompile>
    <ClCompile Include="Dialogs\DialogPID.cpp">
      <Filter>Dialogs</Filter>
    </ClCompile>
    <ClCompile Include="Dialogs\DialogTarget.cpp">
      <Filter>Dialogs</Filter>
    </ClCompile>
    <ClCompile Include="HUD\FlightDirector.cpp">
      <Filter>HUD</Filter>
    </ClCompile>
    <ClCompile Include="HUD\HUD.cpp">
      <Filter>HUD</Filter>
    </ClCompile>
    <ClCompile Include="HUD\HUDCompass.cpp">
      <Filter>HUD</Filter>
    </ClCompile>
    <ClCompile Include="HUD\HUDDrawer.cpp">
      <Filter>HUD</Filter>
    </ClCompile>
    <ClCompile Include="..\libMFD\multipleVesselsMFD\MFDData.cpp">
      <Filter>libMFD\MultipleVessels</Filter>
    </ClCompile>
    <ClCompile Include="MFDDataLaunchMFD.cpp">
      <Filter>libMFD\MultipleVessels</Filter>
    </ClCompile>
    <ClCompile Include="PluginLaunchMFD.cpp">
      <Filter>libMFD\MultipleVessels</Filter>
    </ClCompile>
    <ClCompile Include="..\libMFD\multipleVesselsMFD\PluginMultipleVessels.cpp">
      <Filter>libMFD\MultipleVessels</Filter>
    </ClCompile>
    <ClCompile Include="..\libMFD\multipleVesselsMFD\SimulationTimeData.cpp">
      <Filter>libMFD\MultipleVessels</Filter>
    </ClCompile>
    <ClCompile Include="..\libMFD\Utils\FileUtilsOrbiter.cpp">
      <Filter>libMFD\Utils</Filter>
    </ClCompile>
    <ClCompile Include="..\libMFD\Utils\MFDButtonPage.cpp">
      <Filter>libMFD\Utils</Filter>
    </ClCompile>
    <ClCompile Include="..\libMFD\Utils\MFDTextCalculator.cpp">
      <Filter>libMFD\Utils</Filter>
    </ClCompile>
    <ClCompile Include="..\libMFD\Utils\MyDC.cpp">
      <Filter>libMFD\Utils</Filter>
    </ClCompile>
    <ClCompile Include="..\libMFD\Utils\Pens.cpp">
      <Filter>libMFD\Utils</Filter>
    </ClCompile>
    <ClCompile Include="BODYPHYS.cpp" />
    <ClCompile Include="BODYPHYS_ORB.cpp" />
    <ClCompile Include="DirectAscentPage.cpp" />
    <ClCompile Include="EnergyPitchProgram.cpp" />
    <ClCompile Include="GreatCircle.cpp" />
    <ClCompile Include="LaunchCompass.cpp" />
    <ClCompile Include="LaunchMFD.cpp" />
    <ClCompile Include="MessagingSender.cpp" />
    <ClCompile Include="MFDButtonPageLaunchMFD.cpp" />
    <ClCompile Include="MFDPage.cpp" />
    <ClCompile Include="MovementParams.cpp" />
    <ClCompile Include="PitchGuidance.cpp" />
    <ClCompile Include="ShipVariables.cpp" />
    <ClCompile Include="Stage.cpp" />
    <ClCompile Include="StagingContainer.cpp" />
    <ClCompile Include="StagingDetector.cpp" />
    <ClCompile Include="TGTPARAM.cpp" />
    <ClCompile Include="TGTPARAM_ORB.cpp" />
    <ClCompile Include="..\libWin\WinAPIFileUtils.cpp" />
  </ItemGroup>
  <ItemGroup>
    <ClInclude Include="..\lib\Math\AzimuthMath.hpp">
      <Filter>Math</Filter>
    </ClInclude>
    <ClInclude Include="..\lib\Math\Constants.hpp">
      <Filter>Math</Filter>
    </ClInclude>
    <ClInclude Include="..\lib\Math\GeneralMath.hpp">
      <Filter>Math</Filter>
    </ClInclude>
    <ClInclude Include="..\lib\Math\GreatCircleAdvMath.hpp">
      <Filter>Math</Filter>
    </ClInclude>
    <ClInclude Include="..\lib\Math\GreatCircleMath.hpp">
      <Filter>Math</Filter>
    </ClInclude>
    <ClInclude Include="..\lib\Math\MaxMin.hpp">
      <Filter>Math</Filter>
    </ClInclude>
    <ClInclude Include="..\lib\Math\MaxMinPoint.hpp">
      <Filter>Math</Filter>
    </ClInclude>
    <ClInclude Include="..\lib\Math\SimpsonFunctor.hpp">
      <Filter>Math</Filter>
    </ClInclude>
    <ClInclude Include="..\lib\Math\SpaceMath.hpp">
      <Filter>Math</Filter>
    </ClInclude>
    <ClInclude Include="..\lib\Math\SpaceMathBody.hpp">
      <Filter>Math</Filter>
    </ClInclude>
    <ClInclude Include="..\lib\Math\VectorMath.hpp">
      <Filter>Math</Filter>
    </ClInclude>
    <ClInclude Include="..\lib\Math\Root\IRootAlgo.hpp">
      <Filter>Math\Root</Filter>
    </ClInclude>
    <ClInclude Include="..\lib\Math\Root\RootBisection.hpp">
      <Filter>Math\Root</Filter>
    </ClInclude>
    <ClInclude Include="..\lib\Math\Root\RootBrent.hpp">
      <Filter>Math\Root</Filter>
    </ClInclude>
    <ClInclude Include="..\lib\Math\Root\RootFactory.hpp">
      <Filter>Math\Root</Filter>
    </ClInclude>
    <ClInclude Include="..\lib\Math\Root\RootSubject.hpp">
      <Filter>Math\Root</Filter>
    </ClInclude>
    <ClInclude Include="..\lib\Math\Root\RootType.hpp">
      <Filter>Math\Root</Filter>
    </ClInclude>
    <ClInclude Include="..\lib\Systems\Geo.hpp">
      <Filter>Systems</Filter>
    </ClInclude>
    <ClInclude Include="..\lib\Systems\Point.hpp">
      <Filter>Systems</Filter>
    </ClInclude>
    <ClInclude Include="..\lib\Systems\RectangleMy.hpp">
      <Filter>Systems</Filter>
    </ClInclude>
    <ClInclude Include="..\lib\Systems\Spherical.hpp">
      <Filter>Systems</Filter>
    </ClInclude>
    <ClInclude Include="..\lib\Systems\Systems.hpp">
      <Filter>Systems</Filter>
    </ClInclude>
    <ClInclude Include="..\lib\Systems\SystemsConverter.hpp">
      <Filter>Systems</Filter>
    </ClInclude>
    <ClInclude Include="..\lib\Systems\ThreeSphericals.hpp">
      <Filter>Systems</Filter>
    </ClInclude>
    <ClInclude Include="..\lib\Systems\Vect3.hpp">
      <Filter>Systems</Filter>
    </ClInclude>
    <ClInclude Include="Autopilot\AutopilotBase.hpp">
      <Filter>Autopilot</Filter>
    </ClInclude>
    <ClInclude Include="Autopilot\AutopilotDirectAscentStd.hpp">
      <Filter>Autopilot</Filter>
    </ClInclude>
    <ClInclude Include="Autopilot\AutopilotDirectAscentSynchro.hpp">
      <Filter>Autopilot</Filter>
    </ClInclude>
    <ClInclude Include="Autopilot\AutopilotManager.hpp">
      <Filter>Autopilot</Filter>
    </ClInclude>
    <ClInclude Include="Autopilot\AutopilotStandard.hpp">
      <Filter>Autopilot</Filter>
    </ClInclude>
    <ClInclude Include="Autopilot\AutopilotType.hpp">
      <Filter>Autopilot</Filter>
    </ClInclude>
    <ClInclude Include="Autopilot\DirectAscentOptiEngineLevel.hpp">
      <Filter>Autopilot</Filter>
    </ClInclude>
    <ClInclude Include="Autopilot\PIDAP.hpp">
      <Filter>Autopilot</Filter>
    </ClInclude>
    <ClInclude Include="Autopilot\PitchPointComparator.h">
      <Filter>Autopilot</Filter>
    </ClInclude>
    <ClInclude Include="Autopilot\PitchProgramReader.h">
      <Filter>Autopilot</Filter>
    </ClInclude>
    <ClInclude Include="..\libMFD\MFDSound++\Sound.hpp">
      <Filter>Sound</Filter>
    </ClInclude>
    <ClInclude Include="..\libMFD\MFDSound++\SoundMap.hpp">
      <Filter>Sound</Filter>
    </ClInclude>
    <ClInclude Include="Sound\SoundMapLaunchMFD.hpp">
      <Filter>Sound</Filter>
    </ClInclude>
    <ClInclude Include="Sound\SoundSampleIDEnum.hpp">
      <Filter>Sound</Filter>
    </ClInclude>
    <ClInclude Include="..\lib\Visual\Canvas.hpp">
      <Filter>Visual</Filter>
    </ClInclude>
    <ClInclude Include="..\lib\Visual\ScalePointFunctor.hpp">
      <Filter>Visual</Filter>
    </ClInclude>
    <ClInclude Include="..\lib\PID\DerivatorDiscrete.hpp">
      <Filter>PID</Filter>
    </ClInclude>
    <ClInclude Include="..\lib\PID\IntegratorDiscrete.hpp">
      <Filter>PID</Filter>
    </ClInclude>
    <ClInclude Include="..\lib\PID\PID.hpp">
      <Filter>PID</Filter>
    </ClInclude>
    <ClInclude Include="..\lib\Util\CharManipulations.hpp">
      <Filter>Utils</Filter>
    </ClInclude>
    <ClInclude Include="..\lib\Util\FileUtils.hpp">
      <Filter>Utils</Filter>
    </ClInclude>
    <ClInclude Include="..\lib\Util\NonCopyable.hpp">
      <Filter>Utils</Filter>
    </ClInclude>
    <ClInclude Include="..\lib\Util\Result.hpp">
      <Filter>Utils</Filter>
    </ClInclude>
    <ClInclude Include="Utils\Targeting.hpp">
      <Filter>Utils</Filter>
    </ClInclude>
    <ClInclude Include="..\lib\Util\ValueWithDescription.hpp">
      <Filter>Utils</Filter>
    </ClInclude>
    <ClInclude Include="..\HUDDrawer\VesselHooking\IDrawsHUD.hpp">
      <Filter>HUDDrawer</Filter>
    </ClInclude>
    <ClInclude Include="OffPlaneCorrector\OffPlaneCorrector.hpp">
      <Filter>OffPlaneCorrector</Filter>
    </ClInclude>
    <ClInclude Include="OffPlaneCorrector\OffPlaneCorrectorDirectAscent.hpp">
      <Filter>OffPlaneCorrector</Filter>
    </ClInclude>
    <ClInclude Include="OffPlaneCorrector\OffPlaneCorrectorStandard.hpp">
      <Filter>OffPlaneCorrector</Filter>
    </ClInclude>
    <ClInclude Include="PEG\PEG.h">
      <Filter>PEG</Filter>
    </ClInclude>
    <ClInclude Include="PEG\PEGDirectAscent.h">
      <Filter>PEG</Filter>
    </ClInclude>
    <ClInclude Include="PEG\PEGDirectAscentOpti.h">
      <Filter>PEG</Filter>
    </ClInclude>
    <ClInclude Include="PEG\PEGDirectAscentStd.h">
      <Filter>PEG</Filter>
    </ClInclude>
    <ClInclude Include="PEG\PEGDirectAscentSynchro.h">
      <Filter>PEG</Filter>
    </ClInclude>
    <ClInclude Include="PEG\PEGMulti.h">
      <Filter>PEG</Filter>
    </ClInclude>
    <ClInclude Include="PEG\PEGNormal.h">
      <Filter>PEG</Filter>
    </ClInclude>
    <ClInclude Include="..\lib\Orbiter\AngularAcc.hpp">
      <Filter>OrbiterLib</Filter>
    </ClInclude>
    <ClInclude Include="..\lib\Orbiter\Engine.hpp">
      <Filter>OrbiterLib</Filter>
    </ClInclude>
    <ClInclude Include="..\lib\Orbiter\SpaceMathKOST.hpp">
      <Filter>OrbiterLib</Filter>
    </ClInclude>
    <ClInclude Include="..\lib\Orbiter\SpaceMathOrbiter.hpp">
      <Filter>OrbiterLib</Filter>
    </ClInclude>
    <ClInclude Include="..\lib\Orbiter\SystemsConverterOrbiter.hpp">
      <Filter>OrbiterLib</Filter>
    </ClInclude>
    <ClInclude Include="..\lib\Orbiter\VesselCapabilities.hpp">
      <Filter>OrbiterLib</Filter>
    </ClInclude>
    <ClInclude Include="..\KOST_Orbiter\kost.h">
      <Filter>KOST_Orbiter</Filter>
    </ClInclude>
    <ClInclude Include="..\KOST_Orbiter\kost_constants.h">
      <Filter>KOST_Orbiter</Filter>
    </ClInclude>
    <ClInclude Include="..\KOST_Orbiter\kost_elements.h">
      <Filter>KOST_Orbiter</Filter>
    </ClInclude>
    <ClInclude Include="..\KOST_Orbiter\kost_linalg.h">
      <Filter>KOST_Orbiter</Filter>
    </ClInclude>
    <ClInclude Include="..\KOST_Orbiter\kost_math.h">
      <Filter>KOST_Orbiter</Filter>
    </ClInclude>
    <ClInclude Include="..\KOST_Orbiter\kost_propagate.h">
      <Filter>KOST_Orbiter</Filter>
    </ClInclude>
    <ClInclude Include="..\KOST_Orbiter\kost_settings.h">
      <Filter>KOST_Orbiter</Filter>
    </ClInclude>
    <ClInclude Include="..\KOST_Orbiter\kost_shape.h">
      <Filter>KOST_Orbiter</Filter>
    </ClInclude>
    <ClInclude Include="..\KOST_Orbiter\kost_types.h">
      <Filter>KOST_Orbiter</Filter>
    </ClInclude>
    <ClInclude Include="..\KOST_Orbiter\kostmm.h">
      <Filter>KOST_Orbiter</Filter>
    </ClInclude>
    <ClInclude Include="Dialogs\DialogAlt.h">
      <Filter>Dialogs</Filter>
    </ClInclude>
    <ClInclude Include="Dialogs\DialogDistDA.h">
      <Filter>Dialogs</Filter>
    </ClInclude>
    <ClInclude Include="Dialogs\DialogPID.h">
      <Filter>Dialogs</Filter>
    </ClInclude>
    <ClInclude Include="Dialogs\DialogTarget.h">
      <Filter>Dialogs</Filter>
    </ClInclude>
    <ClInclude Include="HUD\FlightDirector.h">
      <Filter>HUD</Filter>
    </ClInclude>
    <ClInclude Include="HUD\HUD.h">
      <Filter>HUD</Filter>
    </ClInclude>
    <ClInclude Include="HUD\HUDCompass.h">
      <Filter>HUD</Filter>
    </ClInclude>
    <ClInclude Include="HUD\HUDDrawer.hpp">
      <Filter>HUD</Filter>
    </ClInclude>
    <ClInclude Include="..\libMFD\multipleVesselsMFD\MFDData.hpp">
      <Filter>libMFD\MultipleVessels</Filter>
    </ClInclude>
    <ClInclude Include="MFDDataLaunchMFD.hpp">
      <Filter>libMFD\MultipleVessels</Filter>
    </ClInclude>
    <ClInclude Include="PluginLaunchMFD.hpp">
      <Filter>libMFD\MultipleVessels</Filter>
    </ClInclude>
    <ClInclude Include="..\libMFD\multipleVesselsMFD\PluginMultipleVessels.hpp">
      <Filter>libMFD\MultipleVessels</Filter>
    </ClInclude>
    <ClInclude Include="..\libMFD\multipleVesselsMFD\SimulationTimeData.hpp">
      <Filter>libMFD\MultipleVessels</Filter>
    </ClInclude>
    <ClInclude Include="..\libMFD\Utils\FileUtilsOrbiter.hpp">
      <Filter>libMFD\Utils</Filter>
    </ClInclude>
    <ClInclude Include="..\libMFD\Utils\mfdbuttonpage.hpp">
      <Filter>libMFD\Utils</Filter>
    </ClInclude>
    <ClInclude Include="..\libMFD\Utils\MFDTextCalculator.hpp">
      <Filter>libMFD\Utils</Filter>
    </ClInclude>
    <ClInclude Include="..\libMFD\Utils\MyDC.h">
      <Filter>libMFD\Utils</Filter>
    </ClInclude>
    <ClInclude Include="..\libMFD\Utils\Pens.h">
      <Filter>libMFD\Utils</Filter>
    </ClInclude>
    <ClInclude Include="BODYPHYS.h" />
    <ClInclude Include="BODYPHYS_ORB.h" />
    <ClInclude Include="DirectAscentPage.hpp" />
    <ClInclude Include="EnergyPitchProgram.hpp" />
    <ClInclude Include="globals.h" />
    <ClInclude Include="GreatCircle.h" />
    <ClInclude Include="LaunchCompass.h" />
    <ClInclude Include="LaunchMFD.h" />
    <ClInclude Include="localisation.h" />
    <ClInclude Include="MessagingSender.h" />
    <ClInclude Include="MFDButtonPageLaunchMFD.hpp" />
    <ClInclude Include="MFDPage.h" />
    <ClInclude Include="MovementParams.h" />
    <ClInclude Include="PitchGuidance.h" />
    <ClInclude Include="resource.h" />
    <ClInclude Include="ShipVariables.h" />
    <ClInclude Include="Stage.h" />
    <ClInclude Include="StagingContainer.hpp" />
    <ClInclude Include="StagingDetector.hpp" />
    <ClInclude Include="TGTPARAM.h" />
    <ClInclude Include="TGTPARAM_ORB.h" />
    <ClInclude Include="..\libWin\WinAPIFileUtils.hpp" />
  </ItemGroup>
  <ItemGroup>
    <ResourceCompile Include="LaunchMFD.rc" />
  </ItemGroup>
</Project>