<?xml version="1.0" encoding="utf-8"?>
<Project ToolsVersion="4.0" xmlns="http://schemas.microsoft.com/developer/msbuild/2003">
  <ItemGroup>
    <Filter Include="Topo">
      <UniqueIdentifier>{8a812192-2a51-40f0-85f6-370bfc719766}</UniqueIdentifier>
    </Filter>
    <Filter Include="libMFD">
      <UniqueIdentifier>{abe14f43-e5cb-43dc-a705-f3e8c104a8dc}</UniqueIdentifier>
    </Filter>
    <Filter Include="libMFD\Utils">
      <UniqueIdentifier>{780a7195-37a4-47ec-861c-9cc7e4f9f200}</UniqueIdentifier>
    </Filter>
    <Filter Include="lib">
      <UniqueIdentifier>{0911abc3-587d-4fb1-b8d3-056ee7540909}</UniqueIdentifier>
    </Filter>
    <Filter Include="lib\Math">
      <UniqueIdentifier>{17adb123-06f5-4952-84c1-de409c3e9e74}</UniqueIdentifier>
    </Filter>
    <Filter Include="lib\Systems">
      <UniqueIdentifier>{1003e15e-9440-417f-aa44-fe3ecf7ddc8e}</UniqueIdentifier>
    </Filter>
  </ItemGroup>
  <ItemGroup>
    <ClInclude Include="src\afxres.h">
      <Filter>Topo</Filter>
    </ClInclude>
    <ClInclude Include="src\MFDButtonPageTopoMFD.h">
      <Filter>Topo</Filter>
    </ClInclude>
    <ClInclude Include="src\OGCImy.h">
      <Filter>Topo</Filter>
    </ClInclude>
    <ClInclude Include="src\ORBITERTOOLS.h">
      <Filter>Topo</Filter>
    </ClInclude>
    <ClInclude Include="src\PluginTopoMapMFD.h">
      <Filter>Topo</Filter>
    </ClInclude>
    <ClInclude Include="src\resource.h">
      <Filter>Topo</Filter>
    </ClInclude>
    <ClInclude Include="src\TopoMap.h">
      <Filter>Topo</Filter>
    </ClInclude>
    <ClInclude Include="src\TopoMapMFD.h">
      <Filter>Topo</Filter>
    </ClInclude>
    <ClInclude Include="..\libMFD\Utils\mfdbuttonpage.hpp">
      <Filter>libMFD\Utils</Filter>
    </ClInclude>
    <ClInclude Include="..\libMFD\Utils\MFDTextCalculator.hpp">
      <Filter>libMFD\Utils</Filter>
    </ClInclude>
    <ClInclude Include="..\libMFD\Utils\MyDC.h">
      <Filter>libMFD\Utils</Filter>
    </ClInclude>
    <ClInclude Include="..\libMFD\Utils\Pens.h">
      <Filter>libMFD\Utils</Filter>
    </ClInclude>
    <ClInclude Include="..\lib\Math\Colors.hpp">
      <Filter>lib\Math</Filter>
    </ClInclude>
    <ClInclude Include="..\lib\Math\GeneralMath.hpp">
      <Filter>lib\Math</Filter>
    </ClInclude>
    <ClInclude Include="..\lib\Systems\Geo.hpp">
      <Filter>lib\Systems</Filter>
    </ClInclude>
    <ClInclude Include="..\lib\Systems\Point.hpp">
      <Filter>lib\Systems</Filter>
    </ClInclude>
  </ItemGroup>
  <ItemGroup>
    <ClCompile Include="src\MFDButtonPageTopoMFD.cpp">
      <Filter>Topo</Filter>
    </ClCompile>
    <ClCompile Include="src\OGCImy.cpp">
      <Filter>Topo</Filter>
    </ClCompile>
    <ClCompile Include="src\ORBITERTOOLS.cpp">
      <Filter>Topo</Filter>
    </ClCompile>
    <ClCompile Include="src\PluginTopoMapMFD.cpp">
      <Filter>Topo</Filter>
    </ClCompile>
    <ClCompile Include="src\TopoMap.cpp">
      <Filter>Topo</Filter>
    </ClCompile>
    <ClCompile Include="src\TopoMapMFD.cpp">
      <Filter>Topo</Filter>
    </ClCompile>
    <ClCompile Include="..\libMFD\Utils\MFDButtonPage.cpp">
      <Filter>libMFD\Utils</Filter>
    </ClCompile>
    <ClCompile Include="..\libMFD\Utils\MFDTextCalculator.cpp">
      <Filter>libMFD\Utils</Filter>
    </ClCompile>
    <ClCompile Include="..\libMFD\Utils\MyDC.cpp">
      <Filter>libMFD\Utils</Filter>
    </ClCompile>
    <ClCompile Include="..\libMFD\Utils\Pens.cpp">
      <Filter>libMFD\Utils</Filter>
    </ClCompile>
    <ClCompile Include="..\lib\Math\Colors.cpp">
      <Filter>lib\Math</Filter>
    </ClCompile>
    <ClCompile Include="..\lib\Math\GeneralMath.cpp">
      <Filter>lib\Math</Filter>
    </ClCompile>
    <ClCompile Include="..\lib\Systems\Geo.cpp">
      <Filter>lib\Systems</Filter>
    </ClCompile>
    <ClCompile Include="..\lib\Systems\Point.cpp">
      <Filter>lib\Systems</Filter>
    </ClCompile>
  </ItemGroup>
  <ItemGroup>
    <ResourceCompile Include="src\TopoMapMFD.rc">
      <Filter>Topo</Filter>
    </ResourceCompile>
  </ItemGroup>
</Project>