<?xml version="1.0" encoding="utf-8"?>
<Project ToolsVersion="4.0" xmlns="http://schemas.microsoft.com/developer/msbuild/2003">
  <ItemGroup>
    <ClCompile Include="src\ModuleMessagingExt.cpp">
      <Filter>Source</Filter>
    </ClCompile>
    <ClCompile Include="src\ModuleMessagingExtPut.cpp">
      <Filter>Source</Filter>
    </ClCompile>
    <ClCompile Include="src\ModuleMessagingExtStor.cpp">
      <Filter>Source</Filter>
    </ClCompile>
    <ClCompile Include="src\ModuleMessagingExtBase.cpp">
      <Filter>Source</Filter>
    </ClCompile>
  </ItemGroup>
  <ItemGroup>
    <ClInclude Include="src\ModuleMessagingExt.hpp">
      <Filter>Headers</Filter>
    </ClInclude>
    <ClInclude Include="src\ModuleMessagingExtPut.hpp">
      <Filter>Headers</Filter>
    </ClInclude>
    <ClInclude Include="src\ModuleMessagingExtStor.hpp">
      <Filter>Headers</Filter>
    </ClInclude>
    <ClInclude Include="src\ModuleMessagingExtBase.hpp">
      <Filter>Headers</Filter>
    </ClInclude>
  </ItemGroup>
  <ItemGroup>
    <Filter Include="Headers">
      <UniqueIdentifier>{ac7a081b-081d-4037-811b-bca81eeb1355}</UniqueIdentifier>
    </Filter>
    <Filter Include="Source">
      <UniqueIdentifier>{9bfb2f59-1999-467d-b7f6-5eb52a3de40d}</UniqueIdentifier>
    </Filter>
  </ItemGroup>
</Project>