
Microsoft Visual Studio Solution File, Format Version 12.00
# Visual Studio 15
VisualStudioVersion = 15.0.27428.2027
MinimumVisualStudioVersion = 10.0.40219.1
Project("{8BC9CEB8-8B4A-11D0-8D11-00A0C91BC942}") = "ModuleMessagingExt", "ModuleMessagingExt.vcxproj", "{34D92F03-591B-4792-9287-2CFCA7B6E1D1}"
EndProject
Project("{8BC9CEB8-8B4A-11D0-8D11-00A0C91BC942}") = "Test", "src\Test\Test.vcxproj", "{61118038-C1EA-46EF-9553-A089D6485945}"
EndProject
Global
	GlobalSection(SolutionConfigurationPlatforms) = preSolution
		Debug|Win32 = Debug|Win32
		Debug|x64 = Debug|x64
		Release|Win32 = Release|Win32
		Release|x64 = Release|x64
	EndGlobalSection
	GlobalSection(ProjectConfigurationPlatforms) = postSolution
		{34D92F03-591B-4792-9287-2CFCA7B6E1D1}.Debug|Win32.ActiveCfg = Debug|Win32
		{34D92F03-591B-4792-9287-2CFCA7B6E1D1}.Debug|Win32.Build.0 = Debug|Win32
		{34D92F03-591B-4792-9287-2CFCA7B6E1D1}.Debug|x64.ActiveCfg = Debug|Win32
		{34D92F03-591B-4792-9287-2CFCA7B6E1D1}.Release|Win32.ActiveCfg = Release|Win32
		{34D92F03-591B-4792-9287-2CFCA7B6E1D1}.Release|Win32.Build.0 = Release|Win32
		{34D92F03-591B-4792-9287-2CFCA7B6E1D1}.Release|x64.ActiveCfg = Release|Win32
		{61118038-C1EA-46EF-9553-A089D6485945}.Debug|Win32.ActiveCfg = Debug|Win32
		{61118038-C1EA-46EF-9553-A089D6485945}.Debug|Win32.Build.0 = Debug|Win32
		{61118038-C1EA-46EF-9553-A089D6485945}.Debug|x64.ActiveCfg = Debug|x64
		{61118038-C1EA-46EF-9553-A089D6485945}.Debug|x64.Build.0 = Debug|x64
		{61118038-C1EA-46EF-9553-A089D6485945}.Release|Win32.ActiveCfg = Release|Win32
		{61118038-C1EA-46EF-9553-A089D6485945}.Release|Win32.Build.0 = Release|Win32
		{61118038-C1EA-46EF-9553-A089D6485945}.Release|x64.ActiveCfg = Release|x64
		{61118038-C1EA-46EF-9553-A089D6485945}.Release|x64.Build.0 = Release|x64
	EndGlobalSection
	GlobalSection(SolutionProperties) = preSolution
		HideSolutionNode = FALSE
	EndGlobalSection
	GlobalSection(ExtensibilityGlobals) = postSolution
		SolutionGuid = {8143D684-7C02-4E18-A5EB-60CAE057FFD6}
	EndGlobalSection
EndGlobal
