<?xml version="1.0" encoding="UTF-8" standalone="yes" ?>
<CodeBlocks_project_file>
	<FileVersion major="1" minor="6" />
	<Project>
		<Option title="EnjoLibwx" />
		<Option pch_mode="0" />
		<Option compiler="gcc" />
		<Build>
			<Target title="Debug">
				<Option output="bin/Debug/EnjoLibwx" prefix_auto="1" extension_auto="1" />
				<Option working_dir="bin/Debug" />
				<Option object_output="obj/Debug/" />
				<Option type="3" />
				<Option compiler="gcc" />
				<Option projectLinkerOptionsRelation="2" />
				<Compiler>
					<Add option="-pg" />
					<Add option="-g" />
					<Add option="`wx-config --version=3.0 --debug=yes --cflags`" />
					<Add directory="src/Maps" />
				</Compiler>
				<Linker>
					<Add option="-pg" />
					<Add option="`wx-config --version=3.0 --debug=yes --libs`" />
					<Add directory="bin/Debug" />
				</Linker>
			</Target>
			<Target title="Release">
				<Option output="bin/Release/EnjoLibwx" prefix_auto="1" extension_auto="1" />
				<Option working_dir="bin/Release" />
				<Option object_output="obj/Release/" />
				<Option type="3" />
				<Option compiler="gcc" />
				<Option projectLinkerOptionsRelation="2" />
				<Compiler>
					<Add option="-O2" />
					<Add option="`wx-config --version=3.0 --debug=no --cflags`" />
					<Add directory="src/Maps" />
				</Compiler>
				<Linker>
					<Add option="-s" />
					<Add option="`wx-config --version=3.0 --debug=no --libs`" />
					<Add directory="../lib" />
				</Linker>
			</Target>
			<Target title="Windows Release">
				<Option output="bin/Release/EnjoLibwx" prefix_auto="1" extension_auto="1" />
				<Option working_dir="" />
				<Option object_output="obj/Release/" />
				<Option type="2" />
				<Option compiler="gcc" />
				<Option projectLinkerOptionsRelation="2" />
				<Compiler>
					<Add option="-O2" />
					<Add directory="C:/MinGW/msys/1.0/home/enjo/paczki/wxWidgets-2.9.1/lib/wx/include/msw-unicode-static-2.9" />
					<Add directory="C:/MinGW/msys/1.0/home/enjo/paczki/wxWidgets-2.9.1/include" />
					<Add directory="src/Maps" />
				</Compiler>
				<Linker>
					<Add option="-s" />
					<Add option="-mtreads" />
					<Add library="libwx_mswu_core-2.9.a" />
					<Add library="libwx_baseu-2.9.a" />
					<Add library="libkernel32.a" />
					<Add library="libuser32.a" />
					<Add library="libgdi32.a" />
					<Add library="libwinspool.a" />
					<Add library="libcomdlg32.a" />
					<Add library="libadvapi32.a" />
					<Add library="libshell32.a" />
					<Add library="libole32.a" />
					<Add library="liboleaut32.a" />
					<Add library="libuuid.a" />
					<Add library="libcomctl32.a" />
					<Add library="libwsock32.a" />
					<Add directory="C:/MinGW/msys/1.0/home/enjo/paczki/wxWidgets-2.9.1/lib" />
					<Add directory="bin/Release" />
				</Linker>
			</Target>
			<Target title="MinGW32 Release">
				<Option output="bin/Release-MinGW32/EnjoLibwx.a" prefix_auto="1" extension_auto="0" />
				<Option working_dir="" />
				<Option object_output="obj/Release-MinGW32/" />
				<Option type="2" />
				<Option compiler="mingw_32" />
				<Option projectLinkerOptionsRelation="2" />
				<Compiler>
					<Add option="-O2" />
					<Add option="`/usr/i686-w64-mingw32/bin/wx-config  --version=3.0 --static=yes --debug=no --cflags`" />
					<Add directory="src/Maps" />
				</Compiler>
				<Linker>
					<Add option="-s" />
					<Add option="-mtreads" />
					<Add option="`/usr/i686-w64-mingw32/bin/wx-config  --version=3.0 --static=yes --debug=no --libs`" />
					<Add option="-static-libgcc" />
					<Add option="-static-libstdc++" />
				</Linker>
			</Target>
			<Target title="Windows Debug">
				<Option output="bin/Debug/EnjoLibwx" prefix_auto="1" extension_auto="1" />
				<Option working_dir="" />
				<Option object_output="obj/Debug/" />
				<Option type="2" />
				<Option compiler="gcc" />
				<Option projectLinkerOptionsRelation="2" />
				<Compiler>
					<Add option="-g" />
					<Add option="-D__WXDEBUG__" />
					<Add directory="C:/MinGW/msys/1.0/home/enjo/paczki/wxWidgets-2.9.1/lib/wx/include/msw-unicode-static-2.9" />
					<Add directory="C:/MinGW/msys/1.0/home/enjo/paczki/wxWidgets-2.9.1/include" />
					<Add directory="src/Maps" />
				</Compiler>
				<Linker>
					<Add option="-mtreads" />
					<Add library="libwx_mswu_core-2.9.a" />
					<Add library="libwx_baseu-2.9.a" />
					<Add library="libkernel32.a" />
					<Add library="libuser32.a" />
					<Add library="libgdi32.a" />
					<Add library="libwinspool.a" />
					<Add library="libcomdlg32.a" />
					<Add library="libadvapi32.a" />
					<Add library="libshell32.a" />
					<Add library="libole32.a" />
					<Add library="liboleaut32.a" />
					<Add library="libuuid.a" />
					<Add library="libcomctl32.a" />
					<Add library="libwsock32.a" />
					<Add directory="C:/MinGW/msys/1.0/home/enjo/paczki/wxWidgets-2.9.1/lib" />
					<Add directory="bin/Debug" />
				</Linker>
			</Target>
			<Target title="Release-x64">
				<Option output="bin/Release-x64/EnjoLibwx" prefix_auto="1" extension_auto="1" />
				<Option working_dir="bin/Release-x64" />
				<Option object_output="obj/Release/" />
				<Option type="3" />
				<Option compiler="gcc" />
				<Option projectLinkerOptionsRelation="2" />
				<Compiler>
					<Add option="-O2" />
					<Add option="`wx-config --version=3.0 --debug=no --cflags`" />
					<Add directory="src/Maps" />
				</Compiler>
				<Linker>
					<Add option="-s" />
					<Add option="`wx-config --version=3.0 --debug=no --libs`" />
					<Add directory="../lib" />
				</Linker>
			</Target>
		</Build>
		<Compiler>
			<Add option="-Wall" />
			<Add option="-std=c++0x" />
			<Add option="-fPIC" />
			<Add option="-DWX_PRECOMP" />
			<Add directory="../../orbiter/lib" />
			<Add directory="../lib" />
		</Compiler>
		<Unit filename="src/ConfigSavesWindow.cpp" />
		<Unit filename="src/ConfigSavesWindow.h" />
		<Unit filename="src/Database/DatabaseAbstract.cpp" />
		<Unit filename="src/Database/DatabaseAbstract.hpp" />
		<Unit filename="src/Database/Entity.cpp" />
		<Unit filename="src/Database/Entity.hpp" />
		<Unit filename="src/Database/Persistor.cpp" />
		<Unit filename="src/Database/Persistor.hpp" />
		<Unit filename="src/Database/Table.cpp" />
		<Unit filename="src/Database/Table.hpp" />
		<Unit filename="src/DrawingMovable/DrawingObject.cpp" />
		<Unit filename="src/DrawingMovable/DrawingObject.h" />
		<Unit filename="src/DrawingMovable/DrawingObjectAbstract.cpp" />
		<Unit filename="src/DrawingMovable/DrawingObjectAbstract.h" />
		<Unit filename="src/DrawingMovable/DrawingObjectFactoryAbstract.cpp" />
		<Unit filename="src/DrawingMovable/DrawingObjectFactoryAbstract.h" />
		<Unit filename="src/DrawingMovable/DrawingObjectManager.cpp" />
		<Unit filename="src/DrawingMovable/DrawingObjectManager.h" />
		<Unit filename="src/DrawingMovable/MovableRect.cpp" />
		<Unit filename="src/DrawingMovable/MovableRect.h" />
		<Unit filename="src/ImageManipulation.cpp" />
		<Unit filename="src/ImageManipulation.hpp" />
		<Unit filename="src/Maps/IMapControl.cpp" />
		<Unit filename="src/Maps/IMapControl.hpp" />
		<Unit filename="src/Maps/MapCheckbox.cpp" />
		<Unit filename="src/Maps/MapCheckbox.hpp" />
		<Unit filename="src/Maps/MapChoiceEnum.cpp" />
		<Unit filename="src/Maps/MapChoiceEnum.hpp" />
		<Unit filename="src/Maps/MapControlBaseTpl.cpp" />
		<Unit filename="src/Maps/MapControlBaseTpl.hpp" />
		<Unit filename="src/Maps/MapControlTpl.cpp" />
		<Unit filename="src/Maps/MapControlTpl.hpp" />
		<Unit filename="src/Maps/MapSpin.cpp" />
		<Unit filename="src/Maps/MapSpin.hpp" />
		<Unit filename="src/MyChoiceEnum.cpp" />
		<Unit filename="src/MyChoiceEnum.h" />
		<Unit filename="src/MyListCtrlCheckbox.cpp" />
		<Unit filename="src/MyListCtrlCheckbox.h" />
		<Unit filename="src/MyWxScrolledWindow.cpp" />
		<Unit filename="src/MyWxScrolledWindow.h" />
		<Unit filename="src/pch/wx_pch.h" />
		<Extensions>
			<lib_finder disable_auto="1" />
			<wxsmith version="1">
				<gui name="wxWidgets" src="src/EnjoLibwxApp.cpp" main="EnjoLibwxFrame" init_handlers="necessary" language="CPP" />
				<resources>
					<wxFrame wxs="wxsmith/EnjoLibwxMain.wxs" src="src/EnjoLibwxMain.cpp" hdr="src/EnjoLibwxMain.h" fwddecl="0" i18n="1" name="EnjoLibwxMain" language="CPP" />
					<wxDialog wxs="wxsmith/PersonDialog.wxs" src="src/PersonDialog.cpp" hdr="src/PersonDialog.h" fwddecl="1" i18n="1" name="PersonDialog" language="CPP" />
					<wxDialog wxs="wxsmith/PairDialog.wxs" src="src/PairDialog.cpp" hdr="src/PairDialog.h" fwddecl="0" i18n="1" name="PairDialog" language="CPP" />
					<wxDialog wxs="wxsmith/DialogCalendar.wxs" src="src/DialogCalendar.cpp" hdr="src/DialogCalendar.h" fwddecl="0" i18n="1" name="DialogCalendar" language="CPP" />
				</resources>
			</wxsmith>
		</Extensions>
	</Project>
</CodeBlocks_project_file>
